// !$*UTF8*$!
{
	archiveVersion = 1;
	classes = {
	};
	objectVersion = 56;
	objects = {

/* Begin PBXBuildFile section */
		C65608232AFABC83006279BD /* ConstantBuffer.swift in Sources */ = {isa = PBXBuildFile; fileRef = C65608222AFABC83006279BD /* ConstantBuffer.swift */; };
		C658290A2AE70DD30072706C /* GeometryBuilder.swift in Sources */ = {isa = PBXBuildFile; fileRef = C65829092AE70DD30072706C /* GeometryBuilder.swift */; };
		C658290C2AE70DE80072706C /* Geometry.swift in Sources */ = {isa = PBXBuildFile; fileRef = C658290B2AE70DE80072706C /* Geometry.swift */; };
		C658290F2AE70F790072706C /* GeometryBuffers.swift in Sources */ = {isa = PBXBuildFile; fileRef = C658290E2AE70F790072706C /* GeometryBuffers.swift */; };
		C6A2A3AC2AF2290E00A6FF16 /* Texture2D.swift in Sources */ = {isa = PBXBuildFile; fileRef = C6A2A3AB2AF2290E00A6FF16 /* Texture2D.swift */; };
		C6F550A32ADBBAFF005B8C47 /* PongApp.swift in Sources */ = {isa = PBXBuildFile; fileRef = C6F550A22ADBBAFF005B8C47 /* PongApp.swift */; };
		C6F550A52ADBBAFF005B8C47 /* ContentView.swift in Sources */ = {isa = PBXBuildFile; fileRef = C6F550A42ADBBAFF005B8C47 /* ContentView.swift */; };
		C6F550A72ADBBAFF005B8C47 /* Assets.xcassets in Resources */ = {isa = PBXBuildFile; fileRef = C6F550A62ADBBAFF005B8C47 /* Assets.xcassets */; };
		C6F550AA2ADBBAFF005B8C47 /* Preview Assets.xcassets in Resources */ = {isa = PBXBuildFile; fileRef = C6F550A92ADBBAFF005B8C47 /* Preview Assets.xcassets */; };
		C6F550B22ADBBB57005B8C47 /* Coordinator.swift in Sources */ = {isa = PBXBuildFile; fileRef = C6F550B12ADBBB57005B8C47 /* Coordinator.swift */; };
		C6F550B42ADBBC4A005B8C47 /* Constants.swift in Sources */ = {isa = PBXBuildFile; fileRef = C6F550B32ADBBC4A005B8C47 /* Constants.swift */; };
		C6F550BD2ADBC52B005B8C47 /* UnlitRenderPipeline.swift in Sources */ = {isa = PBXBuildFile; fileRef = C6F550BC2ADBC52B005B8C47 /* UnlitRenderPipeline.swift */; };
		C6F550C02ADBC575005B8C47 /* UnlitMaterialShader.metal in Sources */ = {isa = PBXBuildFile; fileRef = C6F550BF2ADBC575005B8C47 /* UnlitMaterialShader.metal */; };
		C6F550C22ADBC687005B8C47 /* ShaderLib.swift in Sources */ = {isa = PBXBuildFile; fileRef = C6F550C12ADBC687005B8C47 /* ShaderLib.swift */; };
/* End PBXBuildFile section */

/* Begin PBXFileReference section */
		C65608222AFABC83006279BD /* ConstantBuffer.swift */ = {isa = PBXFileReference; lastKnownFileType = sourcecode.swift; path = ConstantBuffer.swift; sourceTree = "<group>"; };
		C65829092AE70DD30072706C /* GeometryBuilder.swift */ = {isa = PBXFileReference; lastKnownFileType = sourcecode.swift; path = GeometryBuilder.swift; sourceTree = "<group>"; };
		C658290B2AE70DE80072706C /* Geometry.swift */ = {isa = PBXFileReference; lastKnownFileType = sourcecode.swift; path = Geometry.swift; sourceTree = "<group>"; };
		C658290E2AE70F790072706C /* GeometryBuffers.swift */ = {isa = PBXFileReference; lastKnownFileType = sourcecode.swift; path = GeometryBuffers.swift; sourceTree = "<group>"; };
		C6A2A3AB2AF2290E00A6FF16 /* Texture2D.swift */ = {isa = PBXFileReference; lastKnownFileType = sourcecode.swift; path = Texture2D.swift; sourceTree = "<group>"; };
		C6F5509F2ADBBAFF005B8C47 /* Pong.app */ = {isa = PBXFileReference; explicitFileType = wrapper.application; includeInIndex = 0; path = Pong.app; sourceTree = BUILT_PRODUCTS_DIR; };
		C6F550A22ADBBAFF005B8C47 /* PongApp.swift */ = {isa = PBXFileReference; lastKnownFileType = sourcecode.swift; path = PongApp.swift; sourceTree = "<group>"; };
		C6F550A42ADBBAFF005B8C47 /* ContentView.swift */ = {isa = PBXFileReference; lastKnownFileType = sourcecode.swift; path = ContentView.swift; sourceTree = "<group>"; };
		C6F550A62ADBBAFF005B8C47 /* Assets.xcassets */ = {isa = PBXFileReference; lastKnownFileType = folder.assetcatalog; path = Assets.xcassets; sourceTree = "<group>"; };
		C6F550A92ADBBAFF005B8C47 /* Preview Assets.xcassets */ = {isa = PBXFileReference; lastKnownFileType = folder.assetcatalog; path = "Preview Assets.xcassets"; sourceTree = "<group>"; };
		C6F550AB2ADBBAFF005B8C47 /* Pong.entitlements */ = {isa = PBXFileReference; lastKnownFileType = text.plist.entitlements; path = Pong.entitlements; sourceTree = "<group>"; };
		C6F550B12ADBBB57005B8C47 /* Coordinator.swift */ = {isa = PBXFileReference; lastKnownFileType = sourcecode.swift; path = Coordinator.swift; sourceTree = "<group>"; };
		C6F550B32ADBBC4A005B8C47 /* Constants.swift */ = {isa = PBXFileReference; lastKnownFileType = sourcecode.swift; path = Constants.swift; sourceTree = "<group>"; };
		C6F550BC2ADBC52B005B8C47 /* UnlitRenderPipeline.swift */ = {isa = PBXFileReference; lastKnownFileType = sourcecode.swift; path = UnlitRenderPipeline.swift; sourceTree = "<group>"; };
		C6F550BF2ADBC575005B8C47 /* UnlitMaterialShader.metal */ = {isa = PBXFileReference; lastKnownFileType = sourcecode.metal; path = UnlitMaterialShader.metal; sourceTree = "<group>"; };
		C6F550C12ADBC687005B8C47 /* ShaderLib.swift */ = {isa = PBXFileReference; lastKnownFileType = sourcecode.swift; path = ShaderLib.swift; sourceTree = "<group>"; };
/* End PBXFileReference section */

/* Begin PBXFrameworksBuildPhase section */
		C6F5509C2ADBBAFF005B8C47 /* Frameworks */ = {
			isa = PBXFrameworksBuildPhase;
			buildActionMask = 2147483647;
			files = (
			);
			runOnlyForDeploymentPostprocessing = 0;
		};
/* End PBXFrameworksBuildPhase section */

/* Begin PBXGroup section */
		C65608212AFABC75006279BD /* ConstantBuffers */ = {
			isa = PBXGroup;
			children = (
				C65608222AFABC83006279BD /* ConstantBuffer.swift */,
			);
			path = ConstantBuffers;
			sourceTree = "<group>";
		};
		C65829082AE70DC20072706C /* Geometry */ = {
			isa = PBXGroup;
			children = (
				C65829092AE70DD30072706C /* GeometryBuilder.swift */,
				C658290B2AE70DE80072706C /* Geometry.swift */,
			);
			path = Geometry;
			sourceTree = "<group>";
		};
		C658290D2AE70F510072706C /* AttributeBuffers */ = {
			isa = PBXGroup;
			children = (
				C658290E2AE70F790072706C /* GeometryBuffers.swift */,
			);
			path = AttributeBuffers;
			sourceTree = "<group>";
		};
		C6A2A3A82AF227D200A6FF16 /* Texture */ = {
			isa = PBXGroup;
			children = (
				C6A2A3AB2AF2290E00A6FF16 /* Texture2D.swift */,
			);
			path = Texture;
			sourceTree = "<group>";
		};
		C6F550962ADBBAFF005B8C47 = {
			isa = PBXGroup;
			children = (
				C6F550A12ADBBAFF005B8C47 /* Pong */,
				C6F550A02ADBBAFF005B8C47 /* Products */,
			);
			sourceTree = "<group>";
		};
		C6F550A02ADBBAFF005B8C47 /* Products */ = {
			isa = PBXGroup;
			children = (
				C6F5509F2ADBBAFF005B8C47 /* Pong.app */,
			);
			name = Products;
			sourceTree = "<group>";
		};
		C6F550A12ADBBAFF005B8C47 /* Pong */ = {
			isa = PBXGroup;
			children = (
				C65608212AFABC75006279BD /* ConstantBuffers */,
				C6A2A3A82AF227D200A6FF16 /* Texture */,
				C658290D2AE70F510072706C /* AttributeBuffers */,
				C65829082AE70DC20072706C /* Geometry */,
				C6F550BE2ADBC560005B8C47 /* Shaders */,
				C6F550BB2ADBC51E005B8C47 /* RenderPipelines */,
				C6F550B82ADBC4DA005B8C47 /* Constants */,
				C6F550A22ADBBAFF005B8C47 /* PongApp.swift */,
				C6F550A42ADBBAFF005B8C47 /* ContentView.swift */,
				C6F550A62ADBBAFF005B8C47 /* Assets.xcassets */,
				C6F550AB2ADBBAFF005B8C47 /* Pong.entitlements */,
				C6F550A82ADBBAFF005B8C47 /* Preview Content */,
				C6F550B12ADBBB57005B8C47 /* Coordinator.swift */,
			);
			path = Pong;
			sourceTree = "<group>";
		};
		C6F550A82ADBBAFF005B8C47 /* Preview Content */ = {
			isa = PBXGroup;
			children = (
				C6F550A92ADBBAFF005B8C47 /* Preview Assets.xcassets */,
			);
			path = "Preview Content";
			sourceTree = "<group>";
		};
		C6F550B82ADBC4DA005B8C47 /* Constants */ = {
			isa = PBXGroup;
			children = (
				C6F550B32ADBBC4A005B8C47 /* Constants.swift */,
			);
			path = Constants;
			sourceTree = "<group>";
		};
		C6F550BB2ADBC51E005B8C47 /* RenderPipelines */ = {
			isa = PBXGroup;
			children = (
				C6F550BC2ADBC52B005B8C47 /* UnlitRenderPipeline.swift */,
			);
			path = RenderPipelines;
			sourceTree = "<group>";
		};
		C6F550BE2ADBC560005B8C47 /* Shaders */ = {
			isa = PBXGroup;
			children = (
				C6F550BF2ADBC575005B8C47 /* UnlitMaterialShader.metal */,
				C6F550C12ADBC687005B8C47 /* ShaderLib.swift */,
			);
			path = Shaders;
			sourceTree = "<group>";
		};
/* End PBXGroup section */

/* Begin PBXNativeTarget section */
		C6F5509E2ADBBAFF005B8C47 /* Pong */ = {
			isa = PBXNativeTarget;
			buildConfigurationList = C6F550AE2ADBBAFF005B8C47 /* Build configuration list for PBXNativeTarget "Pong" */;
			buildPhases = (
				C6F5509B2ADBBAFF005B8C47 /* Sources */,
				C6F5509C2ADBBAFF005B8C47 /* Frameworks */,
				C6F5509D2ADBBAFF005B8C47 /* Resources */,
			);
			buildRules = (
			);
			dependencies = (
			);
			name = Pong;
			productName = Pong;
			productReference = C6F5509F2ADBBAFF005B8C47 /* Pong.app */;
			productType = "com.apple.product-type.application";
		};
/* End PBXNativeTarget section */

/* Begin PBXProject section */
		C6F550972ADBBAFF005B8C47 /* Project object */ = {
			isa = PBXProject;
			attributes = {
				BuildIndependentTargetsInParallel = 1;
				LastSwiftUpdateCheck = 1430;
				LastUpgradeCheck = 1430;
				TargetAttributes = {
					C6F5509E2ADBBAFF005B8C47 = {
						CreatedOnToolsVersion = 14.3.1;
					};
				};
			};
			buildConfigurationList = C6F5509A2ADBBAFF005B8C47 /* Build configuration list for PBXProject "Pong" */;
			compatibilityVersion = "Xcode 14.0";
			developmentRegion = en;
			hasScannedForEncodings = 0;
			knownRegions = (
				en,
				Base,
			);
			mainGroup = C6F550962ADBBAFF005B8C47;
			productRefGroup = C6F550A02ADBBAFF005B8C47 /* Products */;
			projectDirPath = "";
			projectRoot = "";
			targets = (
				C6F5509E2ADBBAFF005B8C47 /* Pong */,
			);
		};
/* End PBXProject section */

/* Begin PBXResourcesBuildPhase section */
		C6F5509D2ADBBAFF005B8C47 /* Resources */ = {
			isa = PBXResourcesBuildPhase;
			buildActionMask = 2147483647;
			files = (
				C6F550AA2ADBBAFF005B8C47 /* Preview Assets.xcassets in Resources */,
				C6F550A72ADBBAFF005B8C47 /* Assets.xcassets in Resources */,
			);
			runOnlyForDeploymentPostprocessing = 0;
		};
/* End PBXResourcesBuildPhase section */

/* Begin PBXSourcesBuildPhase section */
		C6F5509B2ADBBAFF005B8C47 /* Sources */ = {
			isa = PBXSourcesBuildPhase;
			buildActionMask = 2147483647;
			files = (
				C6F550C22ADBC687005B8C47 /* ShaderLib.swift in Sources */,
				C6F550A52ADBBAFF005B8C47 /* ContentView.swift in Sources */,
				C6F550B22ADBBB57005B8C47 /* Coordinator.swift in Sources */,
				C65608232AFABC83006279BD /* ConstantBuffer.swift in Sources */,
				C658290F2AE70F790072706C /* GeometryBuffers.swift in Sources */,
				C658290A2AE70DD30072706C /* GeometryBuilder.swift in Sources */,
				C6F550BD2ADBC52B005B8C47 /* UnlitRenderPipeline.swift in Sources */,
				C6F550A32ADBBAFF005B8C47 /* PongApp.swift in Sources */,
				C6F550B42ADBBC4A005B8C47 /* Constants.swift in Sources */,
				C658290C2AE70DE80072706C /* Geometry.swift in Sources */,
				C6A2A3AC2AF2290E00A6FF16 /* Texture2D.swift in Sources */,
				C6F550C02ADBC575005B8C47 /* UnlitMaterialShader.metal in Sources */,
			);
			runOnlyForDeploymentPostprocessing = 0;
		};
/* End PBXSourcesBuildPhase section */

/* Begin XCBuildConfiguration section */
		C6F550AC2ADBBAFF005B8C47 /* Debug */ = {
			isa = XCBuildConfiguration;
			buildSettings = {
				ALWAYS_SEARCH_USER_PATHS = NO;
				CLANG_ANALYZER_NONNULL = YES;
				CLANG_ANALYZER_NUMBER_OBJECT_CONVERSION = YES_AGGRESSIVE;
				CLANG_CXX_LANGUAGE_STANDARD = "gnu++20";
				CLANG_ENABLE_MODULES = YES;
				CLANG_ENABLE_OBJC_ARC = YES;
				CLANG_ENABLE_OBJC_WEAK = YES;
				CLANG_WARN_BLOCK_CAPTURE_AUTORELEASING = YES;
				CLANG_WARN_BOOL_CONVERSION = YES;
				CLANG_WARN_COMMA = YES;
				CLANG_WARN_CONSTANT_CONVERSION = YES;
				CLANG_WARN_DEPRECATED_OBJC_IMPLEMENTATIONS = YES;
				CLANG_WARN_DIRECT_OBJC_ISA_USAGE = YES_ERROR;
				CLANG_WARN_DOCUMENTATION_COMMENTS = YES;
				CLANG_WARN_EMPTY_BODY = YES;
				CLANG_WARN_ENUM_CONVERSION = YES;
				CLANG_WARN_INFINITE_RECURSION = YES;
				CLANG_WARN_INT_CONVERSION = YES;
				CLANG_WARN_NON_LITERAL_NULL_CONVERSION = YES;
				CLANG_WARN_OBJC_IMPLICIT_RETAIN_SELF = YES;
				CLANG_WARN_OBJC_LITERAL_CONVERSION = YES;
				CLANG_WARN_OBJC_ROOT_CLASS = YES_ERROR;
				CLANG_WARN_QUOTED_INCLUDE_IN_FRAMEWORK_HEADER = YES;
				CLANG_WARN_RANGE_LOOP_ANALYSIS = YES;
				CLANG_WARN_STRICT_PROTOTYPES = YES;
				CLANG_WARN_SUSPICIOUS_MOVE = YES;
				CLANG_WARN_UNGUARDED_AVAILABILITY = YES_AGGRESSIVE;
				CLANG_WARN_UNREACHABLE_CODE = YES;
				CLANG_WARN__DUPLICATE_METHOD_MATCH = YES;
				COPY_PHASE_STRIP = NO;
				DEBUG_INFORMATION_FORMAT = dwarf;
				ENABLE_STRICT_OBJC_MSGSEND = YES;
				ENABLE_TESTABILITY = YES;
				GCC_C_LANGUAGE_STANDARD = gnu11;
				GCC_DYNAMIC_NO_PIC = NO;
				GCC_NO_COMMON_BLOCKS = YES;
				GCC_OPTIMIZATION_LEVEL = 0;
				GCC_PREPROCESSOR_DEFINITIONS = (
					"DEBUG=1",
					"$(inherited)",
				);
				GCC_WARN_64_TO_32_BIT_CONVERSION = YES;
				GCC_WARN_ABOUT_RETURN_TYPE = YES_ERROR;
				GCC_WARN_UNDECLARED_SELECTOR = YES;
				GCC_WARN_UNINITIALIZED_AUTOS = YES_AGGRESSIVE;
				GCC_WARN_UNUSED_FUNCTION = YES;
				GCC_WARN_UNUSED_VARIABLE = YES;
				MACOSX_DEPLOYMENT_TARGET = 13.2;
				MTL_ENABLE_DEBUG_INFO = INCLUDE_SOURCE;
				MTL_FAST_MATH = YES;
				ONLY_ACTIVE_ARCH = YES;
				SDKROOT = macosx;
				SWIFT_ACTIVE_COMPILATION_CONDITIONS = DEBUG;
				SWIFT_OPTIMIZATION_LEVEL = "-Onone";
			};
			name = Debug;
		};
		C6F550AD2ADBBAFF005B8C47 /* Release */ = {
			isa = XCBuildConfiguration;
			buildSettings = {
				ALWAYS_SEARCH_USER_PATHS = NO;
				CLANG_ANALYZER_NONNULL = YES;
				CLANG_ANALYZER_NUMBER_OBJECT_CONVERSION = YES_AGGRESSIVE;
				CLANG_CXX_LANGUAGE_STANDARD = "gnu++20";
				CLANG_ENABLE_MODULES = YES;
				CLANG_ENABLE_OBJC_ARC = YES;
				CLANG_ENABLE_OBJC_WEAK = YES;
				CLANG_WARN_BLOCK_CAPTURE_AUTORELEASING = YES;
				CLANG_WARN_BOOL_CONVERSION = YES;
				CLANG_WARN_COMMA = YES;
				CLANG_WARN_CONSTANT_CONVERSION = YES;
				CLANG_WARN_DEPRECATED_OBJC_IMPLEMENTATIONS = YES;
				CLANG_WARN_DIRECT_OBJC_ISA_USAGE = YES_ERROR;
				CLANG_WARN_DOCUMENTATION_COMMENTS = YES;
				CLANG_WARN_EMPTY_BODY = YES;
				CLANG_WARN_ENUM_CONVERSION = YES;
				CLANG_WARN_INFINITE_RECURSION = YES;
				CLANG_WARN_INT_CONVERSION = YES;
				CLANG_WARN_NON_LITERAL_NULL_CONVERSION = YES;
				CLANG_WARN_OBJC_IMPLICIT_RETAIN_SELF = YES;
				CLANG_WARN_OBJC_LITERAL_CONVERSION = YES;
				CLANG_WARN_OBJC_ROOT_CLASS = YES_ERROR;
				CLANG_WARN_QUOTED_INCLUDE_IN_FRAMEWORK_HEADER = YES;
				CLANG_WARN_RANGE_LOOP_ANALYSIS = YES;
				CLANG_WARN_STRICT_PROTOTYPES = YES;
				CLANG_WARN_SUSPICIOUS_MOVE = YES;
				CLANG_WARN_UNGUARDED_AVAILABILITY = YES_AGGRESSIVE;
				CLANG_WARN_UNREACHABLE_CODE = YES;
				CLANG_WARN__DUPLICATE_METHOD_MATCH = YES;
				COPY_PHASE_STRIP = NO;
				DEBUG_INFORMATION_FORMAT = "dwarf-with-dsym";
				ENABLE_NS_ASSERTIONS = NO;
				ENABLE_STRICT_OBJC_MSGSEND = YES;
				GCC_C_LANGUAGE_STANDARD = gnu11;
				GCC_NO_COMMON_BLOCKS = YES;
				GCC_WARN_64_TO_32_BIT_CONVERSION = YES;
				GCC_WARN_ABOUT_RETURN_TYPE = YES_ERROR;
				GCC_WARN_UNDECLARED_SELECTOR = YES;
				GCC_WARN_UNINITIALIZED_AUTOS = YES_AGGRESSIVE;
				GCC_WARN_UNUSED_FUNCTION = YES;
				GCC_WARN_UNUSED_VARIABLE = YES;
				MACOSX_DEPLOYMENT_TARGET = 13.2;
				MTL_ENABLE_DEBUG_INFO = NO;
				MTL_FAST_MATH = YES;
				SDKROOT = macosx;
				SWIFT_COMPILATION_MODE = wholemodule;
				SWIFT_OPTIMIZATION_LEVEL = "-O";
			};
			name = Release;
		};
		C6F550AF2ADBBAFF005B8C47 /* Debug */ = {
			isa = XCBuildConfiguration;
			buildSettings = {
				ASSETCATALOG_COMPILER_APPICON_NAME = AppIcon;
				ASSETCATALOG_COMPILER_GLOBAL_ACCENT_COLOR_NAME = AccentColor;
				CODE_SIGN_ENTITLEMENTS = Pong/Pong.entitlements;
				CODE_SIGN_STYLE = Automatic;
				COMBINE_HIDPI_IMAGES = YES;
				CURRENT_PROJECT_VERSION = 1;
				DEVELOPMENT_ASSET_PATHS = "\"Pong/Preview Content\"";
				ENABLE_PREVIEWS = YES;
				GENERATE_INFOPLIST_FILE = YES;
				INFOPLIST_KEY_NSHumanReadableCopyright = "";
				LD_RUNPATH_SEARCH_PATHS = (
					"$(inherited)",
					"@executable_path/../Frameworks",
				);
				MARKETING_VERSION = 1.0;
				PRODUCT_BUNDLE_IDENTIFIER = lerkapic.Pong;
				PRODUCT_NAME = "$(TARGET_NAME)";
				SWIFT_EMIT_LOC_STRINGS = YES;
				SWIFT_VERSION = 5.0;
			};
			name = Debug;
		};
		C6F550B02ADBBAFF005B8C47 /* Release */ = {
			isa = XCBuildConfiguration;
			buildSettings = {
				ASSETCATALOG_COMPILER_APPICON_NAME = AppIcon;
				ASSETCATALOG_COMPILER_GLOBAL_ACCENT_COLOR_NAME = AccentColor;
				CODE_SIGN_ENTITLEMENTS = Pong/Pong.entitlements;
				CODE_SIGN_STYLE = Automatic;
				COMBINE_HIDPI_IMAGES = YES;
				CURRENT_PROJECT_VERSION = 1;
				DEVELOPMENT_ASSET_PATHS = "\"Pong/Preview Content\"";
				ENABLE_PREVIEWS = YES;
				GENERATE_INFOPLIST_FILE = YES;
				INFOPLIST_KEY_NSHumanReadableCopyright = "";
				LD_RUNPATH_SEARCH_PATHS = (
					"$(inherited)",
					"@executable_path/../Frameworks",
				);
				MARKETING_VERSION = 1.0;
				PRODUCT_BUNDLE_IDENTIFIER = lerkapic.Pong;
				PRODUCT_NAME = "$(TARGET_NAME)";
				SWIFT_EMIT_LOC_STRINGS = YES;
				SWIFT_VERSION = 5.0;
			};
			name = Release;
		};
/* End XCBuildConfiguration section */

/* Begin XCConfigurationList section */
		C6F5509A2ADBBAFF005B8C47 /* Build configuration list for PBXProject "Pong" */ = {
			isa = XCConfigurationList;
			buildConfigurations = (
				C6F550AC2ADBBAFF005B8C47 /* Debug */,
				C6F550AD2ADBBAFF005B8C47 /* Release */,
			);
			defaultConfigurationIsVisible = 0;
			defaultConfigurationName = Release;
		};
		C6F550AE2ADBBAFF005B8C47 /* Build configuration list for PBXNativeTarget "Pong" */ = {
			isa = XCConfigurationList;
			buildConfigurations = (
				C6F550AF2ADBBAFF005B8C47 /* Debug */,
				C6F550B02ADBBAFF005B8C47 /* Release */,
			);
			defaultConfigurationIsVisible = 0;
			defaultConfigurationName = Release;
		};
/* End XCConfigurationList section */
	};
	rootObject = C6F550972ADBBAFF005B8C47 /* Project object */;
}
